
Microsoft Visual Studio Solution File, Format Version 12.00
# Visual Studio Version 17
VisualStudioVersion = 17.8.34601.278
MinimumVisualStudioVersion = 10.0.40219.1
Project("{8BC9CEB8-8B4A-11D0-8D11-00A0C91BC942}") = "harfnotu.cpp", "harfnotu.cpp.vcxproj", "{34AFE292-A6D0-4F43-9390-F25D0EAA7A23}"
EndProject
Global
	GlobalSection(SolutionConfigurationPlatforms) = preSolution
		Debug|x64 = Debug|x64
		Debug|x86 = Debug|x86
		Release|x64 = Release|x64
		Release|x86 = Release|x86
	EndGlobalSection
	GlobalSection(ProjectConfigurationPlatforms) = postSolution
		{34AFE292-A6D0-4F43-9390-F25D0EAA7A23}.Debug|x64.ActiveCfg = Debug|x64
		{34AFE292-A6D0-4F43-9390-F25D0EAA7A23}.Debug|x64.Build.0 = Debug|x64
		{34AFE292-A6D0-4F43-9390-F25D0EAA7A23}.Debug|x86.ActiveCfg = Debug|Win32
		{34AFE292-A6D0-4F43-9390-F25D0EAA7A23}.Debug|x86.Build.0 = Debug|Win32
		{34AFE292-A6D0-4F43-9390-F25D0EAA7A23}.Release|x64.ActiveCfg = Release|x64
		{34AFE292-A6D0-4F43-9390-F25D0EAA7A23}.Release|x64.Build.0 = Release|x64
		{34AFE292-A6D0-4F43-9390-F25D0EAA7A23}.Release|x86.ActiveCfg = Release|Win32
		{34AFE292-A6D0-4F43-9390-F25D0EAA7A23}.Release|x86.Build.0 = Release|Win32
	EndGlobalSection
	GlobalSection(SolutionProperties) = preSolution
		HideSolutionNode = FALSE
	EndGlobalSection
	GlobalSection(ExtensibilityGlobals) = postSolution
		SolutionGuid = {129ABA4E-8C9A-4E56-A469-98F4A132E18A}
	EndGlobalSection
EndGlobal
